
Microsoft Visual Studio Solution File, Format Version 12.00
# Visual Studio Version 17
VisualStudioVersion = 17.6.33723.286
MinimumVisualStudioVersion = 10.0.40219.1
Project("{FAE04EC0-301F-11D3-BF4B-00C04F79EFBC}") = "WebApplicationProject27July", "WebApplicationProject27July\WebApplicationProject27July.csproj", "{876B1F3D-7591-4272-9DCE-BEE6B3A4C472}"
EndProject
Global
	GlobalSection(SolutionConfigurationPlatforms) = preSolution
		Debug|Any CPU = Debug|Any CPU
		Release|Any CPU = Release|Any CPU
	EndGlobalSection
	GlobalSection(ProjectConfigurationPlatforms) = postSolution
		{876B1F3D-7591-4272-9DCE-BEE6B3A4C472}.Debug|Any CPU.ActiveCfg = Debug|Any CPU
		{876B1F3D-7591-4272-9DCE-BEE6B3A4C472}.Debug|Any CPU.Build.0 = Debug|Any CPU
		{876B1F3D-7591-4272-9DCE-BEE6B3A4C472}.Release|Any CPU.ActiveCfg = Release|Any CPU
		{876B1F3D-7591-4272-9DCE-BEE6B3A4C472}.Release|Any CPU.Build.0 = Release|Any CPU
	EndGlobalSection
	GlobalSection(SolutionProperties) = preSolution
		HideSolutionNode = FALSE
	EndGlobalSection
	GlobalSection(ExtensibilityGlobals) = postSolution
		SolutionGuid = {7A4E384B-7FE9-4BA9-963D-C98239793B08}
	EndGlobalSection
EndGlobal
